
Microsoft Visual Studio Solution File, Format Version 12.00
# Visual Studio Version 17
VisualStudioVersion = 17.4.33205.214
MinimumVisualStudioVersion = 10.0.40219.1
Project("{FAE04EC0-301F-11D3-BF4B-00C04F79EFBC}") = "ASP.NET-WebApp", "ASP.NET-WebApp\ASP.NET-WebApp.csproj", "{BC9CF83A-E4A8-4579-80C7-BA695443BAB6}"
EndProject
Project("{FAE04EC0-301F-11D3-BF4B-00C04F79EFBC}") = "JWTTestAPI", "JWTTestAPI\JWTTestAPI.csproj", "{07D98FCD-3804-4657-A8E3-D49B876FCDA8}"
EndProject
Global
	GlobalSection(SolutionConfigurationPlatforms) = preSolution
		Debug|Any CPU = Debug|Any CPU
		Release|Any CPU = Release|Any CPU
	EndGlobalSection
	GlobalSection(ProjectConfigurationPlatforms) = postSolution
		{BC9CF83A-E4A8-4579-80C7-BA695443BAB6}.Debug|Any CPU.ActiveCfg = Debug|Any CPU
		{BC9CF83A-E4A8-4579-80C7-BA695443BAB6}.Debug|Any CPU.Build.0 = Debug|Any CPU
		{BC9CF83A-E4A8-4579-80C7-BA695443BAB6}.Release|Any CPU.ActiveCfg = Release|Any CPU
		{BC9CF83A-E4A8-4579-80C7-BA695443BAB6}.Release|Any CPU.Build.0 = Release|Any CPU
		{07D98FCD-3804-4657-A8E3-D49B876FCDA8}.Debug|Any CPU.ActiveCfg = Debug|Any CPU
		{07D98FCD-3804-4657-A8E3-D49B876FCDA8}.Debug|Any CPU.Build.0 = Debug|Any CPU
		{07D98FCD-3804-4657-A8E3-D49B876FCDA8}.Release|Any CPU.ActiveCfg = Release|Any CPU
		{07D98FCD-3804-4657-A8E3-D49B876FCDA8}.Release|Any CPU.Build.0 = Release|Any CPU
	EndGlobalSection
	GlobalSection(SolutionProperties) = preSolution
		HideSolutionNode = FALSE
	EndGlobalSection
	GlobalSection(ExtensibilityGlobals) = postSolution
		SolutionGuid = {DFA2647B-D3C7-48E3-AF42-D9632DBA5050}
	EndGlobalSection
EndGlobal
